
Microsoft Visual Studio Solution File, Format Version 12.00
# Visual Studio Version 18
VisualStudioVersion = 18.3.11505.172 d18.3
MinimumVisualStudioVersion = 10.0.40219.1
Project("{FAE04EC0-301F-11D3-BF4B-00C04F79EFBC}") = "Arb.NET", "Arb.NET\Arb.NET.csproj", "{97870641-C6D7-4D84-B91D-806C1C395C3D}"
EndProject
Project("{FAE04EC0-301F-11D3-BF4B-00C04F79EFBC}") = "Arb.NET.Tool", "Arb.NET.Tool\Arb.NET.Tool.csproj", "{9222FCB6-2E9C-40E3-B573-4457B933DFE0}"
EndProject
Project("{FAE04EC0-301F-11D3-BF4B-00C04F79EFBC}") = "Arb.NET.Test", "Arb.NET.Test\Arb.NET.Test.csproj", "{DAB76864-A4F2-4484-9BDE-C748EC37C4DC}"
EndProject
Project("{FAE04EC0-301F-11D3-BF4B-00C04F79EFBC}") = "Arb.NET.Generators", "Arb.NET.Generators\Arb.NET.Generators.csproj", "{63C651E4-91E3-4040-AB07-0E4B9EBD2826}"
EndProject
Project("{2150E333-8FDC-42A3-9474-1A3956D46DE8}") = "SLN", "SLN", "{D2E83F2C-2E7D-467C-8029-810664E060EA}"
	ProjectSection(SolutionItems) = preProject
		.editorconfig = .editorconfig
		.gitignore = .gitignore
		AGENTS.MD = AGENTS.MD
		Directory.Build.props = Directory.Build.props
		Directory.Build.targets = Directory.Build.targets
		global.json = global.json
	EndProjectSection
EndProject
Project("{2150E333-8FDC-42A3-9474-1A3956D46DE8}") = "Examples", "Examples", "{E7FEA805-0A7D-4127-996A-F1BA536EA675}"
EndProject
Project("{FAE04EC0-301F-11D3-BF4B-00C04F79EFBC}") = "Arb.NET.ExampleOne", "Arb.NET.Examples.ExampleOne\Arb.NET.ExampleOne.csproj", "{D9A3E27B-7431-44BE-B36F-7F98DA4C466B}"
EndProject
Project("{2150E333-8FDC-42A3-9474-1A3956D46DE8}") = "IDE", "IDE", "{6CFD202A-9BC2-42C0-83FA-E8656A3F2490}"
EndProject
Project("{FAE04EC0-301F-11D3-BF4B-00C04F79EFBC}") = "Arb.NET.IDE.VisualStudio", "Arb.NET.IDE.VisualStudio\Arb.NET.IDE.VisualStudio.csproj", "{B4068810-6E55-4444-9202-6CB644FE8BAB}"
EndProject
Project("{2150E333-8FDC-42A3-9474-1A3956D46DE8}") = "Jetbrains", "Jetbrains", "{1F0CBFDD-C590-49CF-904A-BD795CFF1017}"
	ProjectSection(SolutionItems) = preProject
		Arb.NET.IDE.Jetbrains\README.MD = Arb.NET.IDE.Jetbrains\README.MD
	EndProjectSection
EndProject
Project("{2150E333-8FDC-42A3-9474-1A3956D46DE8}") = "VisualStudio", "VisualStudio", "{E9C427E6-77EF-4FB3-AC65-676650316F6F}"
EndProject
Project("{FAE04EC0-301F-11D3-BF4B-00C04F79EFBC}") = "Arb.NET.IDE.Jetbrains.Common", "Arb.NET.IDE.Jetbrains\Common\Arb.NET.IDE.Jetbrains.Common.csproj", "{3BF46716-F2C7-45F6-A96D-6B3D31D87435}"
EndProject
Project("{FAE04EC0-301F-11D3-BF4B-00C04F79EFBC}") = "Arb.NET.IDE.Jetbrains.Rider", "Arb.NET.IDE.Jetbrains\IDE\Arb.NET.IDE.Jetbrains.Rider.csproj", "{EE61EA87-45C5-45CF-89F5-5B76524006DA}"
EndProject
Project("{FAE04EC0-301F-11D3-BF4B-00C04F79EFBC}") = "Arb.NET.IDE.Jetbrains.Resharper", "Arb.NET.IDE.Jetbrains\IDE\Arb.NET.IDE.Jetbrains.Resharper.csproj", "{6358EBF5-786C-4F87-A459-D2429F88D501}"
EndProject
Global
	GlobalSection(SolutionConfigurationPlatforms) = preSolution
		Debug|Any CPU = Debug|Any CPU
		Debug|x64 = Debug|x64
		Debug|x86 = Debug|x86
		Release|Any CPU = Release|Any CPU
		Release|x64 = Release|x64
		Release|x86 = Release|x86
	EndGlobalSection
	GlobalSection(ProjectConfigurationPlatforms) = postSolution
		{97870641-C6D7-4D84-B91D-806C1C395C3D}.Debug|Any CPU.ActiveCfg = Debug|Any CPU
		{97870641-C6D7-4D84-B91D-806C1C395C3D}.Debug|Any CPU.Build.0 = Debug|Any CPU
		{97870641-C6D7-4D84-B91D-806C1C395C3D}.Debug|x64.ActiveCfg = Debug|Any CPU
		{97870641-C6D7-4D84-B91D-806C1C395C3D}.Debug|x64.Build.0 = Debug|Any CPU
		{97870641-C6D7-4D84-B91D-806C1C395C3D}.Debug|x86.ActiveCfg = Debug|Any CPU
		{97870641-C6D7-4D84-B91D-806C1C395C3D}.Debug|x86.Build.0 = Debug|Any CPU
		{97870641-C6D7-4D84-B91D-806C1C395C3D}.Release|Any CPU.ActiveCfg = Release|Any CPU
		{97870641-C6D7-4D84-B91D-806C1C395C3D}.Release|Any CPU.Build.0 = Release|Any CPU
		{97870641-C6D7-4D84-B91D-806C1C395C3D}.Release|x64.ActiveCfg = Release|Any CPU
		{97870641-C6D7-4D84-B91D-806C1C395C3D}.Release|x64.Build.0 = Release|Any CPU
		{97870641-C6D7-4D84-B91D-806C1C395C3D}.Release|x86.ActiveCfg = Release|Any CPU
		{97870641-C6D7-4D84-B91D-806C1C395C3D}.Release|x86.Build.0 = Release|Any CPU
		{9222FCB6-2E9C-40E3-B573-4457B933DFE0}.Debug|Any CPU.ActiveCfg = Debug|Any CPU
		{9222FCB6-2E9C-40E3-B573-4457B933DFE0}.Debug|Any CPU.Build.0 = Debug|Any CPU
		{9222FCB6-2E9C-40E3-B573-4457B933DFE0}.Debug|x64.ActiveCfg = Debug|Any CPU
		{9222FCB6-2E9C-40E3-B573-4457B933DFE0}.Debug|x64.Build.0 = Debug|Any CPU
		{9222FCB6-2E9C-40E3-B573-4457B933DFE0}.Debug|x86.ActiveCfg = Debug|Any CPU
		{9222FCB6-2E9C-40E3-B573-4457B933DFE0}.Debug|x86.Build.0 = Debug|Any CPU
		{9222FCB6-2E9C-40E3-B573-4457B933DFE0}.Release|Any CPU.ActiveCfg = Release|Any CPU
		{9222FCB6-2E9C-40E3-B573-4457B933DFE0}.Release|Any CPU.Build.0 = Release|Any CPU
		{9222FCB6-2E9C-40E3-B573-4457B933DFE0}.Release|x64.ActiveCfg = Release|Any CPU
		{9222FCB6-2E9C-40E3-B573-4457B933DFE0}.Release|x64.Build.0 = Release|Any CPU
		{9222FCB6-2E9C-40E3-B573-4457B933DFE0}.Release|x86.ActiveCfg = Release|Any CPU
		{9222FCB6-2E9C-40E3-B573-4457B933DFE0}.Release|x86.Build.0 = Release|Any CPU
		{DAB76864-A4F2-4484-9BDE-C748EC37C4DC}.Debug|Any CPU.ActiveCfg = Debug|Any CPU
		{DAB76864-A4F2-4484-9BDE-C748EC37C4DC}.Debug|Any CPU.Build.0 = Debug|Any CPU
		{DAB76864-A4F2-4484-9BDE-C748EC37C4DC}.Debug|x64.ActiveCfg = Debug|Any CPU
		{DAB76864-A4F2-4484-9BDE-C748EC37C4DC}.Debug|x64.Build.0 = Debug|Any CPU
		{DAB76864-A4F2-4484-9BDE-C748EC37C4DC}.Debug|x86.ActiveCfg = Debug|Any CPU
		{DAB76864-A4F2-4484-9BDE-C748EC37C4DC}.Debug|x86.Build.0 = Debug|Any CPU
		{DAB76864-A4F2-4484-9BDE-C748EC37C4DC}.Release|Any CPU.ActiveCfg = Release|Any CPU
		{DAB76864-A4F2-4484-9BDE-C748EC37C4DC}.Release|Any CPU.Build.0 = Release|Any CPU
		{DAB76864-A4F2-4484-9BDE-C748EC37C4DC}.Release|x64.ActiveCfg = Release|Any CPU
		{DAB76864-A4F2-4484-9BDE-C748EC37C4DC}.Release|x64.Build.0 = Release|Any CPU
		{DAB76864-A4F2-4484-9BDE-C748EC37C4DC}.Release|x86.ActiveCfg = Release|Any CPU
		{DAB76864-A4F2-4484-9BDE-C748EC37C4DC}.Release|x86.Build.0 = Release|Any CPU
		{63C651E4-91E3-4040-AB07-0E4B9EBD2826}.Debug|Any CPU.ActiveCfg = Debug|Any CPU
		{63C651E4-91E3-4040-AB07-0E4B9EBD2826}.Debug|Any CPU.Build.0 = Debug|Any CPU
		{63C651E4-91E3-4040-AB07-0E4B9EBD2826}.Debug|x64.ActiveCfg = Debug|Any CPU
		{63C651E4-91E3-4040-AB07-0E4B9EBD2826}.Debug|x64.Build.0 = Debug|Any CPU
		{63C651E4-91E3-4040-AB07-0E4B9EBD2826}.Debug|x86.ActiveCfg = Debug|Any CPU
		{63C651E4-91E3-4040-AB07-0E4B9EBD2826}.Debug|x86.Build.0 = Debug|Any CPU
		{63C651E4-91E3-4040-AB07-0E4B9EBD2826}.Release|Any CPU.ActiveCfg = Release|Any CPU
		{63C651E4-91E3-4040-AB07-0E4B9EBD2826}.Release|Any CPU.Build.0 = Release|Any CPU
		{63C651E4-91E3-4040-AB07-0E4B9EBD2826}.Release|x64.ActiveCfg = Release|Any CPU
		{63C651E4-91E3-4040-AB07-0E4B9EBD2826}.Release|x64.Build.0 = Release|Any CPU
		{63C651E4-91E3-4040-AB07-0E4B9EBD2826}.Release|x86.ActiveCfg = Release|Any CPU
		{63C651E4-91E3-4040-AB07-0E4B9EBD2826}.Release|x86.Build.0 = Release|Any CPU
		{D9A3E27B-7431-44BE-B36F-7F98DA4C466B}.Debug|Any CPU.ActiveCfg = Debug|Any CPU
		{D9A3E27B-7431-44BE-B36F-7F98DA4C466B}.Debug|Any CPU.Build.0 = Debug|Any CPU
		{D9A3E27B-7431-44BE-B36F-7F98DA4C466B}.Debug|x64.ActiveCfg = Debug|Any CPU
		{D9A3E27B-7431-44BE-B36F-7F98DA4C466B}.Debug|x64.Build.0 = Debug|Any CPU
		{D9A3E27B-7431-44BE-B36F-7F98DA4C466B}.Debug|x86.ActiveCfg = Debug|Any CPU
		{D9A3E27B-7431-44BE-B36F-7F98DA4C466B}.Debug|x86.Build.0 = Debug|Any CPU
		{D9A3E27B-7431-44BE-B36F-7F98DA4C466B}.Release|Any CPU.ActiveCfg = Release|Any CPU
		{D9A3E27B-7431-44BE-B36F-7F98DA4C466B}.Release|Any CPU.Build.0 = Release|Any CPU
		{D9A3E27B-7431-44BE-B36F-7F98DA4C466B}.Release|x64.ActiveCfg = Release|Any CPU
		{D9A3E27B-7431-44BE-B36F-7F98DA4C466B}.Release|x64.Build.0 = Release|Any CPU
		{D9A3E27B-7431-44BE-B36F-7F98DA4C466B}.Release|x86.ActiveCfg = Release|Any CPU
		{D9A3E27B-7431-44BE-B36F-7F98DA4C466B}.Release|x86.Build.0 = Release|Any CPU
		{B4068810-6E55-4444-9202-6CB644FE8BAB}.Debug|Any CPU.ActiveCfg = Debug|Any CPU
		{B4068810-6E55-4444-9202-6CB644FE8BAB}.Debug|Any CPU.Build.0 = Debug|Any CPU
		{B4068810-6E55-4444-9202-6CB644FE8BAB}.Debug|x64.ActiveCfg = Debug|Any CPU
		{B4068810-6E55-4444-9202-6CB644FE8BAB}.Debug|x64.Build.0 = Debug|Any CPU
		{B4068810-6E55-4444-9202-6CB644FE8BAB}.Debug|x86.ActiveCfg = Debug|x86
		{B4068810-6E55-4444-9202-6CB644FE8BAB}.Debug|x86.Build.0 = Debug|x86
		{B4068810-6E55-4444-9202-6CB644FE8BAB}.Release|Any CPU.ActiveCfg = Release|Any CPU
		{B4068810-6E55-4444-9202-6CB644FE8BAB}.Release|Any CPU.Build.0 = Release|Any CPU
		{B4068810-6E55-4444-9202-6CB644FE8BAB}.Release|x64.ActiveCfg = Release|Any CPU
		{B4068810-6E55-4444-9202-6CB644FE8BAB}.Release|x64.Build.0 = Release|Any CPU
		{B4068810-6E55-4444-9202-6CB644FE8BAB}.Release|x86.ActiveCfg = Release|x86
		{B4068810-6E55-4444-9202-6CB644FE8BAB}.Release|x86.Build.0 = Release|x86
		{3BF46716-F2C7-45F6-A96D-6B3D31D87435}.Debug|Any CPU.ActiveCfg = Debug|Any CPU
		{3BF46716-F2C7-45F6-A96D-6B3D31D87435}.Debug|Any CPU.Build.0 = Debug|Any CPU
		{3BF46716-F2C7-45F6-A96D-6B3D31D87435}.Debug|x64.ActiveCfg = Debug|Any CPU
		{3BF46716-F2C7-45F6-A96D-6B3D31D87435}.Debug|x64.Build.0 = Debug|Any CPU
		{3BF46716-F2C7-45F6-A96D-6B3D31D87435}.Debug|x86.ActiveCfg = Debug|Any CPU
		{3BF46716-F2C7-45F6-A96D-6B3D31D87435}.Debug|x86.Build.0 = Debug|Any CPU
		{3BF46716-F2C7-45F6-A96D-6B3D31D87435}.Release|Any CPU.ActiveCfg = Release|Any CPU
		{3BF46716-F2C7-45F6-A96D-6B3D31D87435}.Release|Any CPU.Build.0 = Release|Any CPU
		{3BF46716-F2C7-45F6-A96D-6B3D31D87435}.Release|x64.ActiveCfg = Release|Any CPU
		{3BF46716-F2C7-45F6-A96D-6B3D31D87435}.Release|x64.Build.0 = Release|Any CPU
		{3BF46716-F2C7-45F6-A96D-6B3D31D87435}.Release|x86.ActiveCfg = Release|Any CPU
		{3BF46716-F2C7-45F6-A96D-6B3D31D87435}.Release|x86.Build.0 = Release|Any CPU
		{EE61EA87-45C5-45CF-89F5-5B76524006DA}.Debug|Any CPU.ActiveCfg = Debug|Any CPU
		{EE61EA87-45C5-45CF-89F5-5B76524006DA}.Debug|Any CPU.Build.0 = Debug|Any CPU
		{EE61EA87-45C5-45CF-89F5-5B76524006DA}.Debug|x64.ActiveCfg = Debug|Any CPU
		{EE61EA87-45C5-45CF-89F5-5B76524006DA}.Debug|x64.Build.0 = Debug|Any CPU
		{EE61EA87-45C5-45CF-89F5-5B76524006DA}.Debug|x86.ActiveCfg = Debug|Any CPU
		{EE61EA87-45C5-45CF-89F5-5B76524006DA}.Debug|x86.Build.0 = Debug|Any CPU
		{EE61EA87-45C5-45CF-89F5-5B76524006DA}.Release|Any CPU.ActiveCfg = Release|Any CPU
		{EE61EA87-45C5-45CF-89F5-5B76524006DA}.Release|Any CPU.Build.0 = Release|Any CPU
		{EE61EA87-45C5-45CF-89F5-5B76524006DA}.Release|x64.ActiveCfg = Release|Any CPU
		{EE61EA87-45C5-45CF-89F5-5B76524006DA}.Release|x64.Build.0 = Release|Any CPU
		{EE61EA87-45C5-45CF-89F5-5B76524006DA}.Release|x86.ActiveCfg = Release|Any CPU
		{EE61EA87-45C5-45CF-89F5-5B76524006DA}.Release|x86.Build.0 = Release|Any CPU
		{6358EBF5-786C-4F87-A459-D2429F88D501}.Debug|Any CPU.ActiveCfg = Debug|Any CPU
		{6358EBF5-786C-4F87-A459-D2429F88D501}.Debug|Any CPU.Build.0 = Debug|Any CPU
		{6358EBF5-786C-4F87-A459-D2429F88D501}.Debug|x64.ActiveCfg = Debug|Any CPU
		{6358EBF5-786C-4F87-A459-D2429F88D501}.Debug|x64.Build.0 = Debug|Any CPU
		{6358EBF5-786C-4F87-A459-D2429F88D501}.Debug|x86.ActiveCfg = Debug|Any CPU
		{6358EBF5-786C-4F87-A459-D2429F88D501}.Debug|x86.Build.0 = Debug|Any CPU
		{6358EBF5-786C-4F87-A459-D2429F88D501}.Release|Any CPU.ActiveCfg = Release|Any CPU
		{6358EBF5-786C-4F87-A459-D2429F88D501}.Release|Any CPU.Build.0 = Release|Any CPU
		{6358EBF5-786C-4F87-A459-D2429F88D501}.Release|x64.ActiveCfg = Release|Any CPU
		{6358EBF5-786C-4F87-A459-D2429F88D501}.Release|x64.Build.0 = Release|Any CPU
		{6358EBF5-786C-4F87-A459-D2429F88D501}.Release|x86.ActiveCfg = Release|Any CPU
		{6358EBF5-786C-4F87-A459-D2429F88D501}.Release|x86.Build.0 = Release|Any CPU
	EndGlobalSection
	GlobalSection(SolutionProperties) = preSolution
		HideSolutionNode = FALSE
	EndGlobalSection
	GlobalSection(NestedProjects) = preSolution
		{D9A3E27B-7431-44BE-B36F-7F98DA4C466B} = {E7FEA805-0A7D-4127-996A-F1BA536EA675}
		{1F0CBFDD-C590-49CF-904A-BD795CFF1017} = {6CFD202A-9BC2-42C0-83FA-E8656A3F2490}
		{E9C427E6-77EF-4FB3-AC65-676650316F6F} = {6CFD202A-9BC2-42C0-83FA-E8656A3F2490}
		{B4068810-6E55-4444-9202-6CB644FE8BAB} = {E9C427E6-77EF-4FB3-AC65-676650316F6F}
		{3BF46716-F2C7-45F6-A96D-6B3D31D87435} = {1F0CBFDD-C590-49CF-904A-BD795CFF1017}
		{EE61EA87-45C5-45CF-89F5-5B76524006DA} = {1F0CBFDD-C590-49CF-904A-BD795CFF1017}
		{6358EBF5-786C-4F87-A459-D2429F88D501} = {1F0CBFDD-C590-49CF-904A-BD795CFF1017}
	EndGlobalSection
EndGlobal
